
Microsoft Visual Studio Solution File, Format Version 12.00
# Visual Studio Version 16
VisualStudioVersion = 16.0.31702.278
MinimumVisualStudioVersion = 10.0.40219.1
Project("{9A19103F-16F7-4668-BE54-9A1E7A4F7556}") = "DemoDotNet5", "DemoDotNet5\DemoDotNet5.csproj", "{1DE3B23F-37C8-422C-A780-7D1A664C746B}"
EndProject
Project("{9A19103F-16F7-4668-BE54-9A1E7A4F7556}") = "OA.Repo", "OA.Repo\OA.Repo.csproj", "{FBB960CB-6680-4742-AFC4-8C48A29386F3}"
EndProject
Project("{9A19103F-16F7-4668-BE54-9A1E7A4F7556}") = "OA.Data", "OA.Data\OA.Data.csproj", "{D0CDB4AB-92FD-4B20-87A5-B7246A671E4B}"
EndProject
Project("{9A19103F-16F7-4668-BE54-9A1E7A4F7556}") = "OA.Service", "OA.Service\OA.Service.csproj", "{AD918B0E-4EA4-471E-A9B9-6527660AFEEC}"
EndProject
Project("{FAE04EC0-301F-11D3-BF4B-00C04F79EFBC}") = "OA.Interface", "OA.Interface\OA.Interface.csproj", "{257D59F0-62F9-44A0-910D-937376B227C2}"
EndProject
Global
	GlobalSection(SolutionConfigurationPlatforms) = preSolution
		Debug|Any CPU = Debug|Any CPU
		Release|Any CPU = Release|Any CPU
	EndGlobalSection
	GlobalSection(ProjectConfigurationPlatforms) = postSolution
		{1DE3B23F-37C8-422C-A780-7D1A664C746B}.Debug|Any CPU.ActiveCfg = Debug|Any CPU
		{1DE3B23F-37C8-422C-A780-7D1A664C746B}.Debug|Any CPU.Build.0 = Debug|Any CPU
		{1DE3B23F-37C8-422C-A780-7D1A664C746B}.Release|Any CPU.ActiveCfg = Release|Any CPU
		{1DE3B23F-37C8-422C-A780-7D1A664C746B}.Release|Any CPU.Build.0 = Release|Any CPU
		{FBB960CB-6680-4742-AFC4-8C48A29386F3}.Debug|Any CPU.ActiveCfg = Debug|Any CPU
		{FBB960CB-6680-4742-AFC4-8C48A29386F3}.Debug|Any CPU.Build.0 = Debug|Any CPU
		{FBB960CB-6680-4742-AFC4-8C48A29386F3}.Release|Any CPU.ActiveCfg = Release|Any CPU
		{FBB960CB-6680-4742-AFC4-8C48A29386F3}.Release|Any CPU.Build.0 = Release|Any CPU
		{D0CDB4AB-92FD-4B20-87A5-B7246A671E4B}.Debug|Any CPU.ActiveCfg = Debug|Any CPU
		{D0CDB4AB-92FD-4B20-87A5-B7246A671E4B}.Debug|Any CPU.Build.0 = Debug|Any CPU
		{D0CDB4AB-92FD-4B20-87A5-B7246A671E4B}.Release|Any CPU.ActiveCfg = Release|Any CPU
		{D0CDB4AB-92FD-4B20-87A5-B7246A671E4B}.Release|Any CPU.Build.0 = Release|Any CPU
		{AD918B0E-4EA4-471E-A9B9-6527660AFEEC}.Debug|Any CPU.ActiveCfg = Debug|Any CPU
		{AD918B0E-4EA4-471E-A9B9-6527660AFEEC}.Debug|Any CPU.Build.0 = Debug|Any CPU
		{AD918B0E-4EA4-471E-A9B9-6527660AFEEC}.Release|Any CPU.ActiveCfg = Release|Any CPU
		{AD918B0E-4EA4-471E-A9B9-6527660AFEEC}.Release|Any CPU.Build.0 = Release|Any CPU
		{257D59F0-62F9-44A0-910D-937376B227C2}.Debug|Any CPU.ActiveCfg = Debug|Any CPU
		{257D59F0-62F9-44A0-910D-937376B227C2}.Debug|Any CPU.Build.0 = Debug|Any CPU
		{257D59F0-62F9-44A0-910D-937376B227C2}.Release|Any CPU.ActiveCfg = Release|Any CPU
		{257D59F0-62F9-44A0-910D-937376B227C2}.Release|Any CPU.Build.0 = Release|Any CPU
	EndGlobalSection
	GlobalSection(SolutionProperties) = preSolution
		HideSolutionNode = FALSE
	EndGlobalSection
	GlobalSection(ExtensibilityGlobals) = postSolution
		SolutionGuid = {84F778C3-F4D5-4B10-93A9-8770E6521DA7}
	EndGlobalSection
EndGlobal
